// !$*UTF8*$!
{
	archiveVersion = 1;
	classes = {
	};
	objectVersion = 52;
	objects = {

/* Begin PBXBuildFile section */
		5A280D7A25688C5800F522AF /* ProfileEditor.swift in Sources */ = {isa = PBXBuildFile; fileRef = 5A280D7925688C5800F522AF /* ProfileEditor.swift */; };
		5A280D7F2569D24300F522AF /* ProfileHost.swift in Sources */ = {isa = PBXBuildFile; fileRef = 5A280D7E2569D24300F522AF /* ProfileHost.swift */; };
		5A3C14572548E51200BAB72A /* FoodMateApp.swift in Sources */ = {isa = PBXBuildFile; fileRef = 5A3C14562548E51200BAB72A /* FoodMateApp.swift */; };
		5A3C14592548E51200BAB72A /* ContentView.swift in Sources */ = {isa = PBXBuildFile; fileRef = 5A3C14582548E51200BAB72A /* ContentView.swift */; };
		5A3C145B2548E51300BAB72A /* Assets.xcassets in Resources */ = {isa = PBXBuildFile; fileRef = 5A3C145A2548E51300BAB72A /* Assets.xcassets */; };
		5A3C145E2548E51300BAB72A /* Preview Assets.xcassets in Resources */ = {isa = PBXBuildFile; fileRef = 5A3C145D2548E51300BAB72A /* Preview Assets.xcassets */; };
		5A3C14692548E51300BAB72A /* FoodMateTests.swift in Sources */ = {isa = PBXBuildFile; fileRef = 5A3C14682548E51300BAB72A /* FoodMateTests.swift */; };
		5A3C14742548E51300BAB72A /* FoodMateUITests.swift in Sources */ = {isa = PBXBuildFile; fileRef = 5A3C14732548E51300BAB72A /* FoodMateUITests.swift */; };
		5A3C148D2548F31A00BAB72A /* HomeView.swift in Sources */ = {isa = PBXBuildFile; fileRef = 5A3C148C2548F31A00BAB72A /* HomeView.swift */; };
		5A3C14922548FBFE00BAB72A /* FoodItemView.swift in Sources */ = {isa = PBXBuildFile; fileRef = 5A3C14912548FBFE00BAB72A /* FoodItemView.swift */; };
		5A5692542569D8030083BAB1 /* Profile.swift in Sources */ = {isa = PBXBuildFile; fileRef = 5A5692532569D8030083BAB1 /* Profile.swift */; };
		5A5692592569F4680083BAB1 /* AllergyEditView.swift in Sources */ = {isa = PBXBuildFile; fileRef = 5A5692582569F4670083BAB1 /* AllergyEditView.swift */; };
		5A56926E256AF77B0083BAB1 /* SwiftyJSON in Frameworks */ = {isa = PBXBuildFile; productRef = 5A56926D256AF77B0083BAB1 /* SwiftyJSON */; };
		5A569295256B19A20083BAB1 /* getRemoteImage.swift in Sources */ = {isa = PBXBuildFile; fileRef = 5A569294256B19A20083BAB1 /* getRemoteImage.swift */; };
		5A5692A9256B2FBB0083BAB1 /* AlertView.swift in Sources */ = {isa = PBXBuildFile; fileRef = 5A5692A8256B2FBA0083BAB1 /* AlertView.swift */; };
		5A6CD9E425562617008BD97A /* food.json in Resources */ = {isa = PBXBuildFile; fileRef = 5A6CD9E325562617008BD97A /* food.json */; };
		5A6CD9E925562A19008BD97A /* Data.swift in Sources */ = {isa = PBXBuildFile; fileRef = 5A6CD9E825562A19008BD97A /* Data.swift */; };
		5A73209E2554EE40003D7B4F /* ItemDetail.swift in Sources */ = {isa = PBXBuildFile; fileRef = 5A73209D2554EE40003D7B4F /* ItemDetail.swift */; };
		5A7320A32554EF6E003D7B4F /* FoodItem.swift in Sources */ = {isa = PBXBuildFile; fileRef = 5A7320A22554EF6E003D7B4F /* FoodItem.swift */; };
		5A886309256057F60020AF57 /* CodeScanner in Frameworks */ = {isa = PBXBuildFile; productRef = 5A886308256057F60020AF57 /* CodeScanner */; };
		5A88630E25605C410020AF57 /* ProfileSummary.swift in Sources */ = {isa = PBXBuildFile; fileRef = 5A88630D25605C410020AF57 /* ProfileSummary.swift */; };
		5A88631325605DAE0020AF57 /* AddItemSelectionView.swift in Sources */ = {isa = PBXBuildFile; fileRef = 5A88631225605DAE0020AF57 /* AddItemSelectionView.swift */; };
		5A886330256083140020AF57 /* UserData.swift in Sources */ = {isa = PBXBuildFile; fileRef = 5A88632F256083140020AF57 /* UserData.swift */; };
		5A886335256086880020AF57 /* SceneDelegate.swift in Sources */ = {isa = PBXBuildFile; fileRef = 5A886334256086880020AF57 /* SceneDelegate.swift */; };
/* End PBXBuildFile section */

/* Begin PBXContainerItemProxy section */
		5A3C14652548E51300BAB72A /* PBXContainerItemProxy */ = {
			isa = PBXContainerItemProxy;
			containerPortal = 5A3C144B2548E51100BAB72A /* Project object */;
			proxyType = 1;
			remoteGlobalIDString = 5A3C14522548E51200BAB72A;
			remoteInfo = FoodMate;
		};
		5A3C14702548E51300BAB72A /* PBXContainerItemProxy */ = {
			isa = PBXContainerItemProxy;
			containerPortal = 5A3C144B2548E51100BAB72A /* Project object */;
			proxyType = 1;
			remoteGlobalIDString = 5A3C14522548E51200BAB72A;
			remoteInfo = FoodMate;
		};
/* End PBXContainerItemProxy section */

/* Begin PBXFileReference section */
		5A280D7925688C5800F522AF /* ProfileEditor.swift */ = {isa = PBXFileReference; lastKnownFileType = sourcecode.swift; path = ProfileEditor.swift; sourceTree = "<group>"; };
		5A280D7E2569D24300F522AF /* ProfileHost.swift */ = {isa = PBXFileReference; lastKnownFileType = sourcecode.swift; path = ProfileHost.swift; sourceTree = "<group>"; };
		5A3C14532548E51200BAB72A /* FoodMate.app */ = {isa = PBXFileReference; explicitFileType = wrapper.application; includeInIndex = 0; path = FoodMate.app; sourceTree = BUILT_PRODUCTS_DIR; };
		5A3C14562548E51200BAB72A /* FoodMateApp.swift */ = {isa = PBXFileReference; lastKnownFileType = sourcecode.swift; path = FoodMateApp.swift; sourceTree = "<group>"; };
		5A3C14582548E51200BAB72A /* ContentView.swift */ = {isa = PBXFileReference; lastKnownFileType = sourcecode.swift; path = ContentView.swift; sourceTree = "<group>"; };
		5A3C145A2548E51300BAB72A /* Assets.xcassets */ = {isa = PBXFileReference; lastKnownFileType = folder.assetcatalog; path = Assets.xcassets; sourceTree = "<group>"; };
		5A3C145D2548E51300BAB72A /* Preview Assets.xcassets */ = {isa = PBXFileReference; lastKnownFileType = folder.assetcatalog; path = "Preview Assets.xcassets"; sourceTree = "<group>"; };
		5A3C145F2548E51300BAB72A /* Info.plist */ = {isa = PBXFileReference; lastKnownFileType = text.plist.xml; path = Info.plist; sourceTree = "<group>"; };
		5A3C14642548E51300BAB72A /* FoodMateTests.xctest */ = {isa = PBXFileReference; explicitFileType = wrapper.cfbundle; includeInIndex = 0; path = FoodMateTests.xctest; sourceTree = BUILT_PRODUCTS_DIR; };
		5A3C14682548E51300BAB72A /* FoodMateTests.swift */ = {isa = PBXFileReference; lastKnownFileType = sourcecode.swift; path = FoodMateTests.swift; sourceTree = "<group>"; };
		5A3C146A2548E51300BAB72A /* Info.plist */ = {isa = PBXFileReference; lastKnownFileType = text.plist.xml; path = Info.plist; sourceTree = "<group>"; };
		5A3C146F2548E51300BAB72A /* FoodMateUITests.xctest */ = {isa = PBXFileReference; explicitFileType = wrapper.cfbundle; includeInIndex = 0; path = FoodMateUITests.xctest; sourceTree = BUILT_PRODUCTS_DIR; };
		5A3C14732548E51300BAB72A /* FoodMateUITests.swift */ = {isa = PBXFileReference; lastKnownFileType = sourcecode.swift; path = FoodMateUITests.swift; sourceTree = "<group>"; };
		5A3C14752548E51300BAB72A /* Info.plist */ = {isa = PBXFileReference; lastKnownFileType = text.plist.xml; path = Info.plist; sourceTree = "<group>"; };
		5A3C148C2548F31A00BAB72A /* HomeView.swift */ = {isa = PBXFileReference; lastKnownFileType = sourcecode.swift; path = HomeView.swift; sourceTree = "<group>"; };
		5A3C14912548FBFE00BAB72A /* FoodItemView.swift */ = {isa = PBXFileReference; lastKnownFileType = sourcecode.swift; path = FoodItemView.swift; sourceTree = "<group>"; };
		5A5692532569D8030083BAB1 /* Profile.swift */ = {isa = PBXFileReference; lastKnownFileType = sourcecode.swift; path = Profile.swift; sourceTree = "<group>"; };
		5A5692582569F4670083BAB1 /* AllergyEditView.swift */ = {isa = PBXFileReference; lastKnownFileType = sourcecode.swift; path = AllergyEditView.swift; sourceTree = "<group>"; };
		5A569294256B19A20083BAB1 /* getRemoteImage.swift */ = {isa = PBXFileReference; fileEncoding = 4; lastKnownFileType = sourcecode.swift; path = getRemoteImage.swift; sourceTree = "<group>"; };
		5A5692A8256B2FBA0083BAB1 /* AlertView.swift */ = {isa = PBXFileReference; lastKnownFileType = sourcecode.swift; path = AlertView.swift; sourceTree = "<group>"; };
		5A6CD9E325562617008BD97A /* food.json */ = {isa = PBXFileReference; lastKnownFileType = text.json; path = food.json; sourceTree = "<group>"; };
		5A6CD9E825562A19008BD97A /* Data.swift */ = {isa = PBXFileReference; lastKnownFileType = sourcecode.swift; path = Data.swift; sourceTree = "<group>"; };
		5A73209D2554EE40003D7B4F /* ItemDetail.swift */ = {isa = PBXFileReference; lastKnownFileType = sourcecode.swift; path = ItemDetail.swift; sourceTree = "<group>"; };
		5A7320A22554EF6E003D7B4F /* FoodItem.swift */ = {isa = PBXFileReference; lastKnownFileType = sourcecode.swift; path = FoodItem.swift; sourceTree = "<group>"; };
		5A88630D25605C410020AF57 /* ProfileSummary.swift */ = {isa = PBXFileReference; lastKnownFileType = sourcecode.swift; path = ProfileSummary.swift; sourceTree = "<group>"; };
		5A88631225605DAE0020AF57 /* AddItemSelectionView.swift */ = {isa = PBXFileReference; lastKnownFileType = sourcecode.swift; path = AddItemSelectionView.swift; sourceTree = "<group>"; };
		5A88632F256083140020AF57 /* UserData.swift */ = {isa = PBXFileReference; lastKnownFileType = sourcecode.swift; path = UserData.swift; sourceTree = "<group>"; };
		5A886334256086880020AF57 /* SceneDelegate.swift */ = {isa = PBXFileReference; lastKnownFileType = sourcecode.swift; path = SceneDelegate.swift; sourceTree = "<group>"; };
/* End PBXFileReference section */

/* Begin PBXFrameworksBuildPhase section */
		5A3C14502548E51200BAB72A /* Frameworks */ = {
			isa = PBXFrameworksBuildPhase;
			buildActionMask = 2147483647;
			files = (
				5A56926E256AF77B0083BAB1 /* SwiftyJSON in Frameworks */,
				5A886309256057F60020AF57 /* CodeScanner in Frameworks */,
			);
			runOnlyForDeploymentPostprocessing = 0;
		};
		5A3C14612548E51300BAB72A /* Frameworks */ = {
			isa = PBXFrameworksBuildPhase;
			buildActionMask = 2147483647;
			files = (
			);
			runOnlyForDeploymentPostprocessing = 0;
		};
		5A3C146C2548E51300BAB72A /* Frameworks */ = {
			isa = PBXFrameworksBuildPhase;
			buildActionMask = 2147483647;
			files = (
			);
			runOnlyForDeploymentPostprocessing = 0;
		};
/* End PBXFrameworksBuildPhase section */

/* Begin PBXGroup section */
		5A3C144A2548E51100BAB72A = {
			isa = PBXGroup;
			children = (
				5A3C14552548E51200BAB72A /* FoodMate */,
				5A3C14672548E51300BAB72A /* FoodMateTests */,
				5A3C14722548E51300BAB72A /* FoodMateUITests */,
				5A3C14542548E51200BAB72A /* Products */,
			);
			sourceTree = "<group>";
		};
		5A3C14542548E51200BAB72A /* Products */ = {
			isa = PBXGroup;
			children = (
				5A3C14532548E51200BAB72A /* FoodMate.app */,
				5A3C14642548E51300BAB72A /* FoodMateTests.xctest */,
				5A3C146F2548E51300BAB72A /* FoodMateUITests.xctest */,
			);
			name = Products;
			sourceTree = "<group>";
		};
		5A3C14552548E51200BAB72A /* FoodMate */ = {
			isa = PBXGroup;
			children = (
				5A7320992554D37A003D7B4F /* Library */,
				5A7320982554D362003D7B4F /* Resources */,
				5A7320892554CB8E003D7B4F /* ViewModels */,
				5A7320882554CB83003D7B4F /* Models */,
				5A7320842554C667003D7B4F /* Views */,
				5A3C14562548E51200BAB72A /* FoodMateApp.swift */,
				5A3C14582548E51200BAB72A /* ContentView.swift */,
				5A3C145A2548E51300BAB72A /* Assets.xcassets */,
				5A3C145F2548E51300BAB72A /* Info.plist */,
				5A3C145C2548E51300BAB72A /* Preview Content */,
				5A886334256086880020AF57 /* SceneDelegate.swift */,
			);
			path = FoodMate;
			sourceTree = "<group>";
		};
		5A3C145C2548E51300BAB72A /* Preview Content */ = {
			isa = PBXGroup;
			children = (
				5A3C145D2548E51300BAB72A /* Preview Assets.xcassets */,
			);
			path = "Preview Content";
			sourceTree = "<group>";
		};
		5A3C14672548E51300BAB72A /* FoodMateTests */ = {
			isa = PBXGroup;
			children = (
				5A3C14682548E51300BAB72A /* FoodMateTests.swift */,
				5A3C146A2548E51300BAB72A /* Info.plist */,
			);
			path = FoodMateTests;
			sourceTree = "<group>";
		};
		5A3C14722548E51300BAB72A /* FoodMateUITests */ = {
			isa = PBXGroup;
			children = (
				5A3C14732548E51300BAB72A /* FoodMateUITests.swift */,
				5A3C14752548E51300BAB72A /* Info.plist */,
			);
			path = FoodMateUITests;
			sourceTree = "<group>";
		};
		5A7320842554C667003D7B4F /* Views */ = {
			isa = PBXGroup;
			children = (
				5A3C148C2548F31A00BAB72A /* HomeView.swift */,
				5A3C14912548FBFE00BAB72A /* FoodItemView.swift */,
				5A73209D2554EE40003D7B4F /* ItemDetail.swift */,
				5A88631225605DAE0020AF57 /* AddItemSelectionView.swift */,
				5A280D7E2569D24300F522AF /* ProfileHost.swift */,
				5A88630D25605C410020AF57 /* ProfileSummary.swift */,
				5A280D7925688C5800F522AF /* ProfileEditor.swift */,
				5A5692582569F4670083BAB1 /* AllergyEditView.swift */,
				5A5692A8256B2FBA0083BAB1 /* AlertView.swift */,
			);
			path = Views;
			sourceTree = "<group>";
		};
		5A7320882554CB83003D7B4F /* Models */ = {
			isa = PBXGroup;
			children = (
				5A569294256B19A20083BAB1 /* getRemoteImage.swift */,
				5A7320A22554EF6E003D7B4F /* FoodItem.swift */,
				5A6CD9E825562A19008BD97A /* Data.swift */,
				5A88632F256083140020AF57 /* UserData.swift */,
				5A5692532569D8030083BAB1 /* Profile.swift */,
			);
			path = Models;
			sourceTree = "<group>";
		};
		5A7320892554CB8E003D7B4F /* ViewModels */ = {
			isa = PBXGroup;
			children = (
			);
			path = ViewModels;
			sourceTree = "<group>";
		};
		5A7320982554D362003D7B4F /* Resources */ = {
			isa = PBXGroup;
			children = (
				5A6CD9E325562617008BD97A /* food.json */,
			);
			path = Resources;
			sourceTree = "<group>";
		};
		5A7320992554D37A003D7B4F /* Library */ = {
			isa = PBXGroup;
			children = (
			);
			path = Library;
			sourceTree = "<group>";
		};
/* End PBXGroup section */

/* Begin PBXNativeTarget section */
		5A3C14522548E51200BAB72A /* FoodMate */ = {
			isa = PBXNativeTarget;
			buildConfigurationList = 5A3C14782548E51300BAB72A /* Build configuration list for PBXNativeTarget "FoodMate" */;
			buildPhases = (
				5A3C144F2548E51200BAB72A /* Sources */,
				5A3C14502548E51200BAB72A /* Frameworks */,
				5A3C14512548E51200BAB72A /* Resources */,
			);
			buildRules = (
			);
			dependencies = (
			);
			name = FoodMate;
			packageProductDependencies = (
				5A886308256057F60020AF57 /* CodeScanner */,
				5A56926D256AF77B0083BAB1 /* SwiftyJSON */,
			);
			productName = FoodMate;
			productReference = 5A3C14532548E51200BAB72A /* FoodMate.app */;
			productType = "com.apple.product-type.application";
		};
		5A3C14632548E51300BAB72A /* FoodMateTests */ = {
			isa = PBXNativeTarget;
			buildConfigurationList = 5A3C147B2548E51300BAB72A /* Build configuration list for PBXNativeTarget "FoodMateTests" */;
			buildPhases = (
				5A3C14602548E51300BAB72A /* Sources */,
				5A3C14612548E51300BAB72A /* Frameworks */,
				5A3C14622548E51300BAB72A /* Resources */,
			);
			buildRules = (
			);
			dependencies = (
				5A3C14662548E51300BAB72A /* PBXTargetDependency */,
			);
			name = FoodMateTests;
			productName = FoodMateTests;
			productReference = 5A3C14642548E51300BAB72A /* FoodMateTests.xctest */;
			productType = "com.apple.product-type.bundle.unit-test";
		};
		5A3C146E2548E51300BAB72A /* FoodMateUITests */ = {
			isa = PBXNativeTarget;
			buildConfigurationList = 5A3C147E2548E51300BAB72A /* Build configuration list for PBXNativeTarget "FoodMateUITests" */;
			buildPhases = (
				5A3C146B2548E51300BAB72A /* Sources */,
				5A3C146C2548E51300BAB72A /* Frameworks */,
				5A3C146D2548E51300BAB72A /* Resources */,
			);
			buildRules = (
			);
			dependencies = (
				5A3C14712548E51300BAB72A /* PBXTargetDependency */,
			);
			name = FoodMateUITests;
			productName = FoodMateUITests;
			productReference = 5A3C146F2548E51300BAB72A /* FoodMateUITests.xctest */;
			productType = "com.apple.product-type.bundle.ui-testing";
		};
/* End PBXNativeTarget section */

/* Begin PBXProject section */
		5A3C144B2548E51100BAB72A /* Project object */ = {
			isa = PBXProject;
			attributes = {
				LastSwiftUpdateCheck = 1210;
				LastUpgradeCheck = 1210;
				TargetAttributes = {
					5A3C14522548E51200BAB72A = {
						CreatedOnToolsVersion = 12.1;
					};
					5A3C14632548E51300BAB72A = {
						CreatedOnToolsVersion = 12.1;
						TestTargetID = 5A3C14522548E51200BAB72A;
					};
					5A3C146E2548E51300BAB72A = {
						CreatedOnToolsVersion = 12.1;
						TestTargetID = 5A3C14522548E51200BAB72A;
					};
				};
			};
			buildConfigurationList = 5A3C144E2548E51100BAB72A /* Build configuration list for PBXProject "FoodMate" */;
			compatibilityVersion = "Xcode 9.3";
			developmentRegion = en;
			hasScannedForEncodings = 0;
			knownRegions = (
				en,
				Base,
			);
			mainGroup = 5A3C144A2548E51100BAB72A;
			packageReferences = (
				5A886307256057F60020AF57 /* XCRemoteSwiftPackageReference "CodeScanner" */,
				5A56926C256AF77B0083BAB1 /* XCRemoteSwiftPackageReference "SwiftyJSON" */,
			);
			productRefGroup = 5A3C14542548E51200BAB72A /* Products */;
			projectDirPath = "";
			projectRoot = "";
			targets = (
				5A3C14522548E51200BAB72A /* FoodMate */,
				5A3C14632548E51300BAB72A /* FoodMateTests */,
				5A3C146E2548E51300BAB72A /* FoodMateUITests */,
			);
		};
/* End PBXProject section */

/* Begin PBXResourcesBuildPhase section */
		5A3C14512548E51200BAB72A /* Resources */ = {
			isa = PBXResourcesBuildPhase;
			buildActionMask = 2147483647;
			files = (
				5A6CD9E425562617008BD97A /* food.json in Resources */,
				5A3C145E2548E51300BAB72A /* Preview Assets.xcassets in Resources */,
				5A3C145B2548E51300BAB72A /* Assets.xcassets in Resources */,
			);
			runOnlyForDeploymentPostprocessing = 0;
		};
		5A3C14622548E51300BAB72A /* Resources */ = {
			isa = PBXResourcesBuildPhase;
			buildActionMask = 2147483647;
			files = (
			);
			runOnlyForDeploymentPostprocessing = 0;
		};
		5A3C146D2548E51300BAB72A /* Resources */ = {
			isa = PBXResourcesBuildPhase;
			buildActionMask = 2147483647;
			files = (
			);
			runOnlyForDeploymentPostprocessing = 0;
		};
/* End PBXResourcesBuildPhase section */

/* Begin PBXSourcesBuildPhase section */
		5A3C144F2548E51200BAB72A /* Sources */ = {
			isa = PBXSourcesBuildPhase;
			buildActionMask = 2147483647;
			files = (
				5A88630E25605C410020AF57 /* ProfileSummary.swift in Sources */,
				5A7320A32554EF6E003D7B4F /* FoodItem.swift in Sources */,
				5A280D7A25688C5800F522AF /* ProfileEditor.swift in Sources */,
				5A5692542569D8030083BAB1 /* Profile.swift in Sources */,
				5A3C14592548E51200BAB72A /* ContentView.swift in Sources */,
				5A73209E2554EE40003D7B4F /* ItemDetail.swift in Sources */,
				5A280D7F2569D24300F522AF /* ProfileHost.swift in Sources */,
				5A3C148D2548F31A00BAB72A /* HomeView.swift in Sources */,
				5A3C14572548E51200BAB72A /* FoodMateApp.swift in Sources */,
				5A88631325605DAE0020AF57 /* AddItemSelectionView.swift in Sources */,
				5A886335256086880020AF57 /* SceneDelegate.swift in Sources */,
				5A5692592569F4680083BAB1 /* AllergyEditView.swift in Sources */,
				5A3C14922548FBFE00BAB72A /* FoodItemView.swift in Sources */,
				5A886330256083140020AF57 /* UserData.swift in Sources */,
				5A569295256B19A20083BAB1 /* getRemoteImage.swift in Sources */,
				5A6CD9E925562A19008BD97A /* Data.swift in Sources */,
				5A5692A9256B2FBB0083BAB1 /* AlertView.swift in Sources */,
			);
			runOnlyForDeploymentPostprocessing = 0;
		};
		5A3C14602548E51300BAB72A /* Sources */ = {
			isa = PBXSourcesBuildPhase;
			buildActionMask = 2147483647;
			files = (
				5A3C14692548E51300BAB72A /* FoodMateTests.swift in Sources */,
			);
			runOnlyForDeploymentPostprocessing = 0;
		};
		5A3C146B2548E51300BAB72A /* Sources */ = {
			isa = PBXSourcesBuildPhase;
			buildActionMask = 2147483647;
			files = (
				5A3C14742548E51300BAB72A /* FoodMateUITests.swift in Sources */,
			);
			runOnlyForDeploymentPostprocessing = 0;
		};
/* End PBXSourcesBuildPhase section */

/* Begin PBXTargetDependency section */
		5A3C14662548E51300BAB72A /* PBXTargetDependency */ = {
			isa = PBXTargetDependency;
			target = 5A3C14522548E51200BAB72A /* FoodMate */;
			targetProxy = 5A3C14652548E51300BAB72A /* PBXContainerItemProxy */;
		};
		5A3C14712548E51300BAB72A /* PBXTargetDependency */ = {
			isa = PBXTargetDependency;
			target = 5A3C14522548E51200BAB72A /* FoodMate */;
			targetProxy = 5A3C14702548E51300BAB72A /* PBXContainerItemProxy */;
		};
/* End PBXTargetDependency section */

/* Begin XCBuildConfiguration section */
		5A3C14762548E51300BAB72A /* Debug */ = {
			isa = XCBuildConfiguration;
			buildSettings = {
				ALWAYS_SEARCH_USER_PATHS = NO;
				CLANG_ANALYZER_NONNULL = YES;
				CLANG_ANALYZER_NUMBER_OBJECT_CONVERSION = YES_AGGRESSIVE;
				CLANG_CXX_LANGUAGE_STANDARD = "gnu++14";
				CLANG_CXX_LIBRARY = "libc++";
				CLANG_ENABLE_MODULES = YES;
				CLANG_ENABLE_OBJC_ARC = YES;
				CLANG_ENABLE_OBJC_WEAK = YES;
				CLANG_WARN_BLOCK_CAPTURE_AUTORELEASING = YES;
				CLANG_WARN_BOOL_CONVERSION = YES;
				CLANG_WARN_COMMA = YES;
				CLANG_WARN_CONSTANT_CONVERSION = YES;
				CLANG_WARN_DEPRECATED_OBJC_IMPLEMENTATIONS = YES;
				CLANG_WARN_DIRECT_OBJC_ISA_USAGE = YES_ERROR;
				CLANG_WARN_DOCUMENTATION_COMMENTS = YES;
				CLANG_WARN_EMPTY_BODY = YES;
				CLANG_WARN_ENUM_CONVERSION = YES;
				CLANG_WARN_INFINITE_RECURSION = YES;
				CLANG_WARN_INT_CONVERSION = YES;
				CLANG_WARN_NON_LITERAL_NULL_CONVERSION = YES;
				CLANG_WARN_OBJC_IMPLICIT_RETAIN_SELF = YES;
				CLANG_WARN_OBJC_LITERAL_CONVERSION = YES;
				CLANG_WARN_OBJC_ROOT_CLASS = YES_ERROR;
				CLANG_WARN_QUOTED_INCLUDE_IN_FRAMEWORK_HEADER = YES;
				CLANG_WARN_RANGE_LOOP_ANALYSIS = YES;
				CLANG_WARN_STRICT_PROTOTYPES = YES;
				CLANG_WARN_SUSPICIOUS_MOVE = YES;
				CLANG_WARN_UNGUARDED_AVAILABILITY = YES_AGGRESSIVE;
				CLANG_WARN_UNREACHABLE_CODE = YES;
				CLANG_WARN__DUPLICATE_METHOD_MATCH = YES;
				COPY_PHASE_STRIP = NO;
				DEBUG_INFORMATION_FORMAT = dwarf;
				ENABLE_STRICT_OBJC_MSGSEND = YES;
				ENABLE_TESTABILITY = YES;
				GCC_C_LANGUAGE_STANDARD = gnu11;
				GCC_DYNAMIC_NO_PIC = NO;
				GCC_NO_COMMON_BLOCKS = YES;
				GCC_OPTIMIZATION_LEVEL = 0;
				GCC_PREPROCESSOR_DEFINITIONS = (
					"DEBUG=1",
					"$(inherited)",
				);
				GCC_WARN_64_TO_32_BIT_CONVERSION = YES;
				GCC_WARN_ABOUT_RETURN_TYPE = YES_ERROR;
				GCC_WARN_UNDECLARED_SELECTOR = YES;
				GCC_WARN_UNINITIALIZED_AUTOS = YES_AGGRESSIVE;
				GCC_WARN_UNUSED_FUNCTION = YES;
				GCC_WARN_UNUSED_VARIABLE = YES;
				IPHONEOS_DEPLOYMENT_TARGET = 14.1;
				MTL_ENABLE_DEBUG_INFO = INCLUDE_SOURCE;
				MTL_FAST_MATH = YES;
				ONLY_ACTIVE_ARCH = YES;
				SDKROOT = iphoneos;
				SWIFT_ACTIVE_COMPILATION_CONDITIONS = DEBUG;
				SWIFT_OPTIMIZATION_LEVEL = "-Onone";
			};
			name = Debug;
		};
		5A3C14772548E51300BAB72A /* Release */ = {
			isa = XCBuildConfiguration;
			buildSettings = {
				ALWAYS_SEARCH_USER_PATHS = NO;
				CLANG_ANALYZER_NONNULL = YES;
				CLANG_ANALYZER_NUMBER_OBJECT_CONVERSION = YES_AGGRESSIVE;
				CLANG_CXX_LANGUAGE_STANDARD = "gnu++14";
				CLANG_CXX_LIBRARY = "libc++";
				CLANG_ENABLE_MODULES = YES;
				CLANG_ENABLE_OBJC_ARC = YES;
				CLANG_ENABLE_OBJC_WEAK = YES;
				CLANG_WARN_BLOCK_CAPTURE_AUTORELEASING = YES;
				CLANG_WARN_BOOL_CONVERSION = YES;
				CLANG_WARN_COMMA = YES;
				CLANG_WARN_CONSTANT_CONVERSION = YES;
				CLANG_WARN_DEPRECATED_OBJC_IMPLEMENTATIONS = YES;
				CLANG_WARN_DIRECT_OBJC_ISA_USAGE = YES_ERROR;
				CLANG_WARN_DOCUMENTATION_COMMENTS = YES;
				CLANG_WARN_EMPTY_BODY = YES;
				CLANG_WARN_ENUM_CONVERSION = YES;
				CLANG_WARN_INFINITE_RECURSION = YES;
				CLANG_WARN_INT_CONVERSION = YES;
				CLANG_WARN_NON_LITERAL_NULL_CONVERSION = YES;
				CLANG_WARN_OBJC_IMPLICIT_RETAIN_SELF = YES;
				CLANG_WARN_OBJC_LITERAL_CONVERSION = YES;
				CLANG_WARN_OBJC_ROOT_CLASS = YES_ERROR;
				CLANG_WARN_QUOTED_INCLUDE_IN_FRAMEWORK_HEADER = YES;
				CLANG_WARN_RANGE_LOOP_ANALYSIS = YES;
				CLANG_WARN_STRICT_PROTOTYPES = YES;
				CLANG_WARN_SUSPICIOUS_MOVE = YES;
				CLANG_WARN_UNGUARDED_AVAILABILITY = YES_AGGRESSIVE;
				CLANG_WARN_UNREACHABLE_CODE = YES;
				CLANG_WARN__DUPLICATE_METHOD_MATCH = YES;
				COPY_PHASE_STRIP = NO;
				DEBUG_INFORMATION_FORMAT = "dwarf-with-dsym";
				ENABLE_NS_ASSERTIONS = NO;
				ENABLE_STRICT_OBJC_MSGSEND = YES;
				GCC_C_LANGUAGE_STANDARD = gnu11;
				GCC_NO_COMMON_BLOCKS = YES;
				GCC_WARN_64_TO_32_BIT_CONVERSION = YES;
				GCC_WARN_ABOUT_RETURN_TYPE = YES_ERROR;
				GCC_WARN_UNDECLARED_SELECTOR = YES;
				GCC_WARN_UNINITIALIZED_AUTOS = YES_AGGRESSIVE;
				GCC_WARN_UNUSED_FUNCTION = YES;
				GCC_WARN_UNUSED_VARIABLE = YES;
				IPHONEOS_DEPLOYMENT_TARGET = 14.1;
				MTL_ENABLE_DEBUG_INFO = NO;
				MTL_FAST_MATH = YES;
				SDKROOT = iphoneos;
				SWIFT_COMPILATION_MODE = wholemodule;
				SWIFT_OPTIMIZATION_LEVEL = "-O";
				VALIDATE_PRODUCT = YES;
			};
			name = Release;
		};
		5A3C14792548E51300BAB72A /* Debug */ = {
			isa = XCBuildConfiguration;
			buildSettings = {
				ASSETCATALOG_COMPILER_APPICON_NAME = AppIcon;
				ASSETCATALOG_COMPILER_GLOBAL_ACCENT_COLOR_NAME = AccentColor;
				CODE_SIGN_STYLE = Automatic;
				DEVELOPMENT_ASSET_PATHS = "\"FoodMate/Preview Content\"";
				DEVELOPMENT_TEAM = KQ44XWMCGZ;
				ENABLE_PREVIEWS = YES;
				INFOPLIST_FILE = FoodMate/Info.plist;
				IPHONEOS_DEPLOYMENT_TARGET = 14.0;
				LD_RUNPATH_SEARCH_PATHS = (
					"$(inherited)",
					"@executable_path/Frameworks",
				);
				PRODUCT_BUNDLE_IDENTIFIER = com.6011Group7.FoodMate;
				PRODUCT_NAME = "$(TARGET_NAME)";
				SWIFT_VERSION = 5.0;
				TARGETED_DEVICE_FAMILY = "1,2";
			};
			name = Debug;
		};
		5A3C147A2548E51300BAB72A /* Release */ = {
			isa = XCBuildConfiguration;
			buildSettings = {
				ASSETCATALOG_COMPILER_APPICON_NAME = AppIcon;
				ASSETCATALOG_COMPILER_GLOBAL_ACCENT_COLOR_NAME = AccentColor;
				CODE_SIGN_STYLE = Automatic;
				DEVELOPMENT_ASSET_PATHS = "\"FoodMate/Preview Content\"";
				DEVELOPMENT_TEAM = KQ44XWMCGZ;
				ENABLE_PREVIEWS = YES;
				INFOPLIST_FILE = FoodMate/Info.plist;
				IPHONEOS_DEPLOYMENT_TARGET = 14.0;
				LD_RUNPATH_SEARCH_PATHS = (
					"$(inherited)",
					"@executable_path/Frameworks",
				);
				PRODUCT_BUNDLE_IDENTIFIER = com.6011Group7.FoodMate;
				PRODUCT_NAME = "$(TARGET_NAME)";
				SWIFT_VERSION = 5.0;
				TARGETED_DEVICE_FAMILY = "1,2";
			};
			name = Release;
		};
		5A3C147C2548E51300BAB72A /* Debug */ = {
			isa = XCBuildConfiguration;
			buildSettings = {
				ALWAYS_EMBED_SWIFT_STANDARD_LIBRARIES = YES;
				BUNDLE_LOADER = "$(TEST_HOST)";
				CODE_SIGN_STYLE = Automatic;
				INFOPLIST_FILE = FoodMateTests/Info.plist;
				IPHONEOS_DEPLOYMENT_TARGET = 14.0;
				LD_RUNPATH_SEARCH_PATHS = (
					"$(inherited)",
					"@executable_path/Frameworks",
					"@loader_path/Frameworks",
				);
				PRODUCT_BUNDLE_IDENTIFIER = com.6011Group7.FoodMateTests;
				PRODUCT_NAME = "$(TARGET_NAME)";
				SWIFT_VERSION = 5.0;
				TARGETED_DEVICE_FAMILY = "1,2";
				TEST_HOST = "$(BUILT_PRODUCTS_DIR)/FoodMate.app/FoodMate";
			};
			name = Debug;
		};
		5A3C147D2548E51300BAB72A /* Release */ = {
			isa = XCBuildConfiguration;
			buildSettings = {
				ALWAYS_EMBED_SWIFT_STANDARD_LIBRARIES = YES;
				BUNDLE_LOADER = "$(TEST_HOST)";
				CODE_SIGN_STYLE = Automatic;
				INFOPLIST_FILE = FoodMateTests/Info.plist;
				IPHONEOS_DEPLOYMENT_TARGET = 14.0;
				LD_RUNPATH_SEARCH_PATHS = (
					"$(inherited)",
					"@executable_path/Frameworks",
					"@loader_path/Frameworks",
				);
				PRODUCT_BUNDLE_IDENTIFIER = com.6011Group7.FoodMateTests;
				PRODUCT_NAME = "$(TARGET_NAME)";
				SWIFT_VERSION = 5.0;
				TARGETED_DEVICE_FAMILY = "1,2";
				TEST_HOST = "$(BUILT_PRODUCTS_DIR)/FoodMate.app/FoodMate";
			};
			name = Release;
		};
		5A3C147F2548E51300BAB72A /* Debug */ = {
			isa = XCBuildConfiguration;
			buildSettings = {
				ALWAYS_EMBED_SWIFT_STANDARD_LIBRARIES = YES;
				CODE_SIGN_STYLE = Automatic;
				INFOPLIST_FILE = FoodMateUITests/Info.plist;
				LD_RUNPATH_SEARCH_PATHS = (
					"$(inherited)",
					"@executable_path/Frameworks",
					"@loader_path/Frameworks",
				);
				PRODUCT_BUNDLE_IDENTIFIER = com.6011Group7.FoodMateUITests;
				PRODUCT_NAME = "$(TARGET_NAME)";
				SWIFT_VERSION = 5.0;
				TARGETED_DEVICE_FAMILY = "1,2";
				TEST_TARGET_NAME = FoodMate;
			};
			name = Debug;
		};
		5A3C14802548E51300BAB72A /* Release */ = {
			isa = XCBuildConfiguration;
			buildSettings = {
				ALWAYS_EMBED_SWIFT_STANDARD_LIBRARIES = YES;
				CODE_SIGN_STYLE = Automatic;
				INFOPLIST_FILE = FoodMateUITests/Info.plist;
				LD_RUNPATH_SEARCH_PATHS = (
					"$(inherited)",
					"@executable_path/Frameworks",
					"@loader_path/Frameworks",
				);
				PRODUCT_BUNDLE_IDENTIFIER = com.6011Group7.FoodMateUITests;
				PRODUCT_NAME = "$(TARGET_NAME)";
				SWIFT_VERSION = 5.0;
				TARGETED_DEVICE_FAMILY = "1,2";
				TEST_TARGET_NAME = FoodMate;
			};
			name = Release;
		};
/* End XCBuildConfiguration section */

/* Begin XCConfigurationList section */
		5A3C144E2548E51100BAB72A /* Build configuration list for PBXProject "FoodMate" */ = {
			isa = XCConfigurationList;
			buildConfigurations = (
				5A3C14762548E51300BAB72A /* Debug */,
				5A3C14772548E51300BAB72A /* Release */,
			);
			defaultConfigurationIsVisible = 0;
			defaultConfigurationName = Release;
		};
		5A3C14782548E51300BAB72A /* Build configuration list for PBXNativeTarget "FoodMate" */ = {
			isa = XCConfigurationList;
			buildConfigurations = (
				5A3C14792548E51300BAB72A /* Debug */,
				5A3C147A2548E51300BAB72A /* Release */,
			);
			defaultConfigurationIsVisible = 0;
			defaultConfigurationName = Release;
		};
		5A3C147B2548E51300BAB72A /* Build configuration list for PBXNativeTarget "FoodMateTests" */ = {
			isa = XCConfigurationList;
			buildConfigurations = (
				5A3C147C2548E51300BAB72A /* Debug */,
				5A3C147D2548E51300BAB72A /* Release */,
			);
			defaultConfigurationIsVisible = 0;
			defaultConfigurationName = Release;
		};
		5A3C147E2548E51300BAB72A /* Build configuration list for PBXNativeTarget "FoodMateUITests" */ = {
			isa = XCConfigurationList;
			buildConfigurations = (
				5A3C147F2548E51300BAB72A /* Debug */,
				5A3C14802548E51300BAB72A /* Release */,
			);
			defaultConfigurationIsVisible = 0;
			defaultConfigurationName = Release;
		};
/* End XCConfigurationList section */

/* Begin XCRemoteSwiftPackageReference section */
		5A56926C256AF77B0083BAB1 /* XCRemoteSwiftPackageReference "SwiftyJSON" */ = {
			isa = XCRemoteSwiftPackageReference;
			repositoryURL = "https://github.com/SwiftyJSON/SwiftyJSON";
			requirement = {
				kind = upToNextMajorVersion;
				minimumVersion = 5.0.0;
			};
		};
		5A886307256057F60020AF57 /* XCRemoteSwiftPackageReference "CodeScanner" */ = {
			isa = XCRemoteSwiftPackageReference;
			repositoryURL = "https://github.com/twostraws/CodeScanner";
			requirement = {
				kind = upToNextMajorVersion;
				minimumVersion = 1.0.7;
			};
		};
/* End XCRemoteSwiftPackageReference section */

/* Begin XCSwiftPackageProductDependency section */
		5A56926D256AF77B0083BAB1 /* SwiftyJSON */ = {
			isa = XCSwiftPackageProductDependency;
			package = 5A56926C256AF77B0083BAB1 /* XCRemoteSwiftPackageReference "SwiftyJSON" */;
			productName = SwiftyJSON;
		};
		5A886308256057F60020AF57 /* CodeScanner */ = {
			isa = XCSwiftPackageProductDependency;
			package = 5A886307256057F60020AF57 /* XCRemoteSwiftPackageReference "CodeScanner" */;
			productName = CodeScanner;
		};
/* End XCSwiftPackageProductDependency section */
	};
	rootObject = 5A3C144B2548E51100BAB72A /* Project object */;
}
